// !$*UTF8*$!
{
	archiveVersion = 1;
	classes = {
	};
	objectVersion = 55;
	objects = {

/* Begin PBXBuildFile section */
		CB38EFA228CE1A7A0041F8EB /* SwiftUImemoApp.xcdatamodeld in Sources */ = {isa = PBXBuildFile; fileRef = CB38EF8F28CE1A770041F8EB /* SwiftUImemoApp.xcdatamodeld */; };
		CB38EFA328CE1A7A0041F8EB /* SwiftUImemoApp.xcdatamodeld in Sources */ = {isa = PBXBuildFile; fileRef = CB38EF8F28CE1A770041F8EB /* SwiftUImemoApp.xcdatamodeld */; };
		CB38EFA428CE1A7A0041F8EB /* SwiftUImemoAppApp.swift in Sources */ = {isa = PBXBuildFile; fileRef = CB38EF9128CE1A770041F8EB /* SwiftUImemoAppApp.swift */; };
		CB38EFA528CE1A7A0041F8EB /* SwiftUImemoAppApp.swift in Sources */ = {isa = PBXBuildFile; fileRef = CB38EF9128CE1A770041F8EB /* SwiftUImemoAppApp.swift */; };
		CB38EFA828CE1A7A0041F8EB /* Persistence.swift in Sources */ = {isa = PBXBuildFile; fileRef = CB38EF9328CE1A770041F8EB /* Persistence.swift */; };
		CB38EFA928CE1A7A0041F8EB /* Persistence.swift in Sources */ = {isa = PBXBuildFile; fileRef = CB38EF9328CE1A770041F8EB /* Persistence.swift */; };
		CB38EFAA28CE1A7A0041F8EB /* Assets.xcassets in Resources */ = {isa = PBXBuildFile; fileRef = CB38EF9428CE1A7A0041F8EB /* Assets.xcassets */; };
		CB38EFAB28CE1A7A0041F8EB /* Assets.xcassets in Resources */ = {isa = PBXBuildFile; fileRef = CB38EF9428CE1A7A0041F8EB /* Assets.xcassets */; };
		CB38EFB728CE1ADB0041F8EB /* MainListView.swift in Sources */ = {isa = PBXBuildFile; fileRef = CB38EFB628CE1ADB0041F8EB /* MainListView.swift */; };
		CB38EFB828CE1ADB0041F8EB /* MainListView.swift in Sources */ = {isa = PBXBuildFile; fileRef = CB38EFB628CE1ADB0041F8EB /* MainListView.swift */; };
/* End PBXBuildFile section */

/* Begin PBXFileReference section */
		CB38EF9028CE1A770041F8EB /* Shared.xcdatamodel */ = {isa = PBXFileReference; lastKnownFileType = wrapper.xcdatamodel; path = Shared.xcdatamodel; sourceTree = "<group>"; };
		CB38EF9128CE1A770041F8EB /* SwiftUImemoAppApp.swift */ = {isa = PBXFileReference; lastKnownFileType = sourcecode.swift; path = SwiftUImemoAppApp.swift; sourceTree = "<group>"; };
		CB38EF9328CE1A770041F8EB /* Persistence.swift */ = {isa = PBXFileReference; lastKnownFileType = sourcecode.swift; path = Persistence.swift; sourceTree = "<group>"; };
		CB38EF9428CE1A7A0041F8EB /* Assets.xcassets */ = {isa = PBXFileReference; lastKnownFileType = folder.assetcatalog; path = Assets.xcassets; sourceTree = "<group>"; };
		CB38EF9928CE1A7A0041F8EB /* SwiftUImemoApp.app */ = {isa = PBXFileReference; explicitFileType = wrapper.application; includeInIndex = 0; path = SwiftUImemoApp.app; sourceTree = BUILT_PRODUCTS_DIR; };
		CB38EF9F28CE1A7A0041F8EB /* SwiftUImemoApp.app */ = {isa = PBXFileReference; explicitFileType = wrapper.application; includeInIndex = 0; path = SwiftUImemoApp.app; sourceTree = BUILT_PRODUCTS_DIR; };
		CB38EFA128CE1A7A0041F8EB /* macOS.entitlements */ = {isa = PBXFileReference; lastKnownFileType = text.plist.entitlements; path = macOS.entitlements; sourceTree = "<group>"; };
		CB38EFB628CE1ADB0041F8EB /* MainListView.swift */ = {isa = PBXFileReference; lastKnownFileType = sourcecode.swift; path = MainListView.swift; sourceTree = "<group>"; };
/* End PBXFileReference section */

/* Begin PBXFrameworksBuildPhase section */
		CB38EF9628CE1A7A0041F8EB /* Frameworks */ = {
			isa = PBXFrameworksBuildPhase;
			buildActionMask = 2147483647;
			files = (
			);
			runOnlyForDeploymentPostprocessing = 0;
		};
		CB38EF9C28CE1A7A0041F8EB /* Frameworks */ = {
			isa = PBXFrameworksBuildPhase;
			buildActionMask = 2147483647;
			files = (
			);
			runOnlyForDeploymentPostprocessing = 0;
		};
/* End PBXFrameworksBuildPhase section */

/* Begin PBXGroup section */
		CB38EF8928CE1A770041F8EB = {
			isa = PBXGroup;
			children = (
				CB38EF8E28CE1A770041F8EB /* Shared */,
				CB38EFA028CE1A7A0041F8EB /* macOS */,
				CB38EF9A28CE1A7A0041F8EB /* Products */,
			);
			sourceTree = "<group>";
		};
		CB38EF8E28CE1A770041F8EB /* Shared */ = {
			isa = PBXGroup;
			children = (
				CB38EFB528CE1AAE0041F8EB /* CoreData */,
				CB38EFB428CE1AA80041F8EB /* Memory */,
				CB38EF9128CE1A770041F8EB /* SwiftUImemoAppApp.swift */,
				CB38EFB628CE1ADB0041F8EB /* MainListView.swift */,
				CB38EF9428CE1A7A0041F8EB /* Assets.xcassets */,
			);
			path = Shared;
			sourceTree = "<group>";
		};
		CB38EF9A28CE1A7A0041F8EB /* Products */ = {
			isa = PBXGroup;
			children = (
				CB38EF9928CE1A7A0041F8EB /* SwiftUImemoApp.app */,
				CB38EF9F28CE1A7A0041F8EB /* SwiftUImemoApp.app */,
			);
			name = Products;
			sourceTree = "<group>";
		};
		CB38EFA028CE1A7A0041F8EB /* macOS */ = {
			isa = PBXGroup;
			children = (
				CB38EFA128CE1A7A0041F8EB /* macOS.entitlements */,
			);
			path = macOS;
			sourceTree = "<group>";
		};
		CB38EFB428CE1AA80041F8EB /* Memory */ = {
			isa = PBXGroup;
			children = (
			);
			path = Memory;
			sourceTree = "<group>";
		};
		CB38EFB528CE1AAE0041F8EB /* CoreData */ = {
			isa = PBXGroup;
			children = (
				CB38EF9328CE1A770041F8EB /* Persistence.swift */,
				CB38EF8F28CE1A770041F8EB /* SwiftUImemoApp.xcdatamodeld */,
			);
			path = CoreData;
			sourceTree = "<group>";
		};
/* End PBXGroup section */

/* Begin PBXNativeTarget section */
		CB38EF9828CE1A7A0041F8EB /* SwiftUImemoApp (iOS) */ = {
			isa = PBXNativeTarget;
			buildConfigurationList = CB38EFAE28CE1A7A0041F8EB /* Build configuration list for PBXNativeTarget "SwiftUImemoApp (iOS)" */;
			buildPhases = (
				CB38EF9528CE1A7A0041F8EB /* Sources */,
				CB38EF9628CE1A7A0041F8EB /* Frameworks */,
				CB38EF9728CE1A7A0041F8EB /* Resources */,
			);
			buildRules = (
			);
			dependencies = (
			);
			name = "SwiftUImemoApp (iOS)";
			productName = "SwiftUImemoApp (iOS)";
			productReference = CB38EF9928CE1A7A0041F8EB /* SwiftUImemoApp.app */;
			productType = "com.apple.product-type.application";
		};
		CB38EF9E28CE1A7A0041F8EB /* SwiftUImemoApp (macOS) */ = {
			isa = PBXNativeTarget;
			buildConfigurationList = CB38EFB128CE1A7A0041F8EB /* Build configuration list for PBXNativeTarget "SwiftUImemoApp (macOS)" */;
			buildPhases = (
				CB38EF9B28CE1A7A0041F8EB /* Sources */,
				CB38EF9C28CE1A7A0041F8EB /* Frameworks */,
				CB38EF9D28CE1A7A0041F8EB /* Resources */,
			);
			buildRules = (
			);
			dependencies = (
			);
			name = "SwiftUImemoApp (macOS)";
			productName = "SwiftUImemoApp (macOS)";
			productReference = CB38EF9F28CE1A7A0041F8EB /* SwiftUImemoApp.app */;
			productType = "com.apple.product-type.application";
		};
/* End PBXNativeTarget section */

/* Begin PBXProject section */
		CB38EF8A28CE1A770041F8EB /* Project object */ = {
			isa = PBXProject;
			attributes = {
				BuildIndependentTargetsInParallel = 1;
				LastSwiftUpdateCheck = 1340;
				LastUpgradeCheck = 1340;
				TargetAttributes = {
					CB38EF9828CE1A7A0041F8EB = {
						CreatedOnToolsVersion = 13.4.1;
					};
					CB38EF9E28CE1A7A0041F8EB = {
						CreatedOnToolsVersion = 13.4.1;
					};
				};
			};
			buildConfigurationList = CB38EF8D28CE1A770041F8EB /* Build configuration list for PBXProject "SwiftUImemoApp" */;
			compatibilityVersion = "Xcode 13.0";
			developmentRegion = en;
			hasScannedForEncodings = 0;
			knownRegions = (
				en,
				Base,
			);
			mainGroup = CB38EF8928CE1A770041F8EB;
			productRefGroup = CB38EF9A28CE1A7A0041F8EB /* Products */;
			projectDirPath = "";
			projectRoot = "";
			targets = (
				CB38EF9828CE1A7A0041F8EB /* SwiftUImemoApp (iOS) */,
				CB38EF9E28CE1A7A0041F8EB /* SwiftUImemoApp (macOS) */,
			);
		};
/* End PBXProject section */

/* Begin PBXResourcesBuildPhase section */
		CB38EF9728CE1A7A0041F8EB /* Resources */ = {
			isa = PBXResourcesBuildPhase;
			buildActionMask = 2147483647;
			files = (
				CB38EFAA28CE1A7A0041F8EB /* Assets.xcassets in Resources */,
			);
			runOnlyForDeploymentPostprocessing = 0;
		};
		CB38EF9D28CE1A7A0041F8EB /* Resources */ = {
			isa = PBXResourcesBuildPhase;
			buildActionMask = 2147483647;
			files = (
				CB38EFAB28CE1A7A0041F8EB /* Assets.xcassets in Resources */,
			);
			runOnlyForDeploymentPostprocessing = 0;
		};
/* End PBXResourcesBuildPhase section */

/* Begin PBXSourcesBuildPhase section */
		CB38EF9528CE1A7A0041F8EB /* Sources */ = {
			isa = PBXSourcesBuildPhase;
			buildActionMask = 2147483647;
			files = (
				CB38EFA228CE1A7A0041F8EB /* SwiftUImemoApp.xcdatamodeld in Sources */,
				CB38EFB728CE1ADB0041F8EB /* MainListView.swift in Sources */,
				CB38EFA828CE1A7A0041F8EB /* Persistence.swift in Sources */,
				CB38EFA428CE1A7A0041F8EB /* SwiftUImemoAppApp.swift in Sources */,
			);
			runOnlyForDeploymentPostprocessing = 0;
		};
		CB38EF9B28CE1A7A0041F8EB /* Sources */ = {
			isa = PBXSourcesBuildPhase;
			buildActionMask = 2147483647;
			files = (
				CB38EFA328CE1A7A0041F8EB /* SwiftUImemoApp.xcdatamodeld in Sources */,
				CB38EFB828CE1ADB0041F8EB /* MainListView.swift in Sources */,
				CB38EFA928CE1A7A0041F8EB /* Persistence.swift in Sources */,
				CB38EFA528CE1A7A0041F8EB /* SwiftUImemoAppApp.swift in Sources */,
			);
			runOnlyForDeploymentPostprocessing = 0;
		};
/* End PBXSourcesBuildPhase section */

/* Begin XCBuildConfiguration section */
		CB38EFAC28CE1A7A0041F8EB /* Debug */ = {
			isa = XCBuildConfiguration;
			buildSettings = {
				ALWAYS_SEARCH_USER_PATHS = NO;
				CLANG_ANALYZER_NONNULL = YES;
				CLANG_ANALYZER_NUMBER_OBJECT_CONVERSION = YES_AGGRESSIVE;
				CLANG_CXX_LANGUAGE_STANDARD = "gnu++17";
				CLANG_ENABLE_MODULES = YES;
				CLANG_ENABLE_OBJC_ARC = YES;
				CLANG_ENABLE_OBJC_WEAK = YES;
				CLANG_WARN_BLOCK_CAPTURE_AUTORELEASING = YES;
				CLANG_WARN_BOOL_CONVERSION = YES;
				CLANG_WARN_COMMA = YES;
				CLANG_WARN_CONSTANT_CONVERSION = YES;
				CLANG_WARN_DEPRECATED_OBJC_IMPLEMENTATIONS = YES;
				CLANG_WARN_DIRECT_OBJC_ISA_USAGE = YES_ERROR;
				CLANG_WARN_DOCUMENTATION_COMMENTS = YES;
				CLANG_WARN_EMPTY_BODY = YES;
				CLANG_WARN_ENUM_CONVERSION = YES;
				CLANG_WARN_INFINITE_RECURSION = YES;
				CLANG_WARN_INT_CONVERSION = YES;
				CLANG_WARN_NON_LITERAL_NULL_CONVERSION = YES;
				CLANG_WARN_OBJC_IMPLICIT_RETAIN_SELF = YES;
				CLANG_WARN_OBJC_LITERAL_CONVERSION = YES;
				CLANG_WARN_OBJC_ROOT_CLASS = YES_ERROR;
				CLANG_WARN_QUOTED_INCLUDE_IN_FRAMEWORK_HEADER = YES;
				CLANG_WARN_RANGE_LOOP_ANALYSIS = YES;
				CLANG_WARN_STRICT_PROTOTYPES = YES;
				CLANG_WARN_SUSPICIOUS_MOVE = YES;
				CLANG_WARN_UNGUARDED_AVAILABILITY = YES_AGGRESSIVE;
				CLANG_WARN_UNREACHABLE_CODE = YES;
				CLANG_WARN__DUPLICATE_METHOD_MATCH = YES;
				COPY_PHASE_STRIP = NO;
				DEBUG_INFORMATION_FORMAT = dwarf;
				ENABLE_STRICT_OBJC_MSGSEND = YES;
				ENABLE_TESTABILITY = YES;
				GCC_C_LANGUAGE_STANDARD = gnu11;
				GCC_DYNAMIC_NO_PIC = NO;
				GCC_NO_COMMON_BLOCKS = YES;
				GCC_OPTIMIZATION_LEVEL = 0;
				GCC_PREPROCESSOR_DEFINITIONS = (
					"DEBUG=1",
					"$(inherited)",
				);
				GCC_WARN_64_TO_32_BIT_CONVERSION = YES;
				GCC_WARN_ABOUT_RETURN_TYPE = YES_ERROR;
				GCC_WARN_UNDECLARED_SELECTOR = YES;
				GCC_WARN_UNINITIALIZED_AUTOS = YES_AGGRESSIVE;
				GCC_WARN_UNUSED_FUNCTION = YES;
				GCC_WARN_UNUSED_VARIABLE = YES;
				MTL_ENABLE_DEBUG_INFO = INCLUDE_SOURCE;
				MTL_FAST_MATH = YES;
				ONLY_ACTIVE_ARCH = YES;
				SWIFT_ACTIVE_COMPILATION_CONDITIONS = DEBUG;
				SWIFT_OPTIMIZATION_LEVEL = "-Onone";
			};
			name = Debug;
		};
		CB38EFAD28CE1A7A0041F8EB /* Release */ = {
			isa = XCBuildConfiguration;
			buildSettings = {
				ALWAYS_SEARCH_USER_PATHS = NO;
				CLANG_ANALYZER_NONNULL = YES;
				CLANG_ANALYZER_NUMBER_OBJECT_CONVERSION = YES_AGGRESSIVE;
				CLANG_CXX_LANGUAGE_STANDARD = "gnu++17";
				CLANG_ENABLE_MODULES = YES;
				CLANG_ENABLE_OBJC_ARC = YES;
				CLANG_ENABLE_OBJC_WEAK = YES;
				CLANG_WARN_BLOCK_CAPTURE_AUTORELEASING = YES;
				CLANG_WARN_BOOL_CONVERSION = YES;
				CLANG_WARN_COMMA = YES;
				CLANG_WARN_CONSTANT_CONVERSION = YES;
				CLANG_WARN_DEPRECATED_OBJC_IMPLEMENTATIONS = YES;
				CLANG_WARN_DIRECT_OBJC_ISA_USAGE = YES_ERROR;
				CLANG_WARN_DOCUMENTATION_COMMENTS = YES;
				CLANG_WARN_EMPTY_BODY = YES;
				CLANG_WARN_ENUM_CONVERSION = YES;
				CLANG_WARN_INFINITE_RECURSION = YES;
				CLANG_WARN_INT_CONVERSION = YES;
				CLANG_WARN_NON_LITERAL_NULL_CONVERSION = YES;
				CLANG_WARN_OBJC_IMPLICIT_RETAIN_SELF = YES;
				CLANG_WARN_OBJC_LITERAL_CONVERSION = YES;
				CLANG_WARN_OBJC_ROOT_CLASS = YES_ERROR;
				CLANG_WARN_QUOTED_INCLUDE_IN_FRAMEWORK_HEADER = YES;
				CLANG_WARN_RANGE_LOOP_ANALYSIS = YES;
				CLANG_WARN_STRICT_PROTOTYPES = YES;
				CLANG_WARN_SUSPICIOUS_MOVE = YES;
				CLANG_WARN_UNGUARDED_AVAILABILITY = YES_AGGRESSIVE;
				CLANG_WARN_UNREACHABLE_CODE = YES;
				CLANG_WARN__DUPLICATE_METHOD_MATCH = YES;
				COPY_PHASE_STRIP = NO;
				DEBUG_INFORMATION_FORMAT = "dwarf-with-dsym";
				ENABLE_NS_ASSERTIONS = NO;
				ENABLE_STRICT_OBJC_MSGSEND = YES;
				GCC_C_LANGUAGE_STANDARD = gnu11;
				GCC_NO_COMMON_BLOCKS = YES;
				GCC_WARN_64_TO_32_BIT_CONVERSION = YES;
				GCC_WARN_ABOUT_RETURN_TYPE = YES_ERROR;
				GCC_WARN_UNDECLARED_SELECTOR = YES;
				GCC_WARN_UNINITIALIZED_AUTOS = YES_AGGRESSIVE;
				GCC_WARN_UNUSED_FUNCTION = YES;
				GCC_WARN_UNUSED_VARIABLE = YES;
				MTL_ENABLE_DEBUG_INFO = NO;
				MTL_FAST_MATH = YES;
				SWIFT_COMPILATION_MODE = wholemodule;
				SWIFT_OPTIMIZATION_LEVEL = "-O";
			};
			name = Release;
		};
		CB38EFAF28CE1A7A0041F8EB /* Debug */ = {
			isa = XCBuildConfiguration;
			buildSettings = {
				ASSETCATALOG_COMPILER_APPICON_NAME = AppIcon;
				ASSETCATALOG_COMPILER_GLOBAL_ACCENT_COLOR_NAME = AccentColor;
				CODE_SIGN_STYLE = Automatic;
				CURRENT_PROJECT_VERSION = 1;
				DEVELOPMENT_TEAM = DBZW785N87;
				ENABLE_PREVIEWS = YES;
				GENERATE_INFOPLIST_FILE = YES;
				INFOPLIST_KEY_UIApplicationSceneManifest_Generation = YES;
				INFOPLIST_KEY_UIApplicationSupportsIndirectInputEvents = YES;
				INFOPLIST_KEY_UILaunchScreen_Generation = YES;
				INFOPLIST_KEY_UISupportedInterfaceOrientations_iPad = "UIInterfaceOrientationPortrait UIInterfaceOrientationPortraitUpsideDown UIInterfaceOrientationLandscapeLeft UIInterfaceOrientationLandscapeRight";
				INFOPLIST_KEY_UISupportedInterfaceOrientations_iPhone = "UIInterfaceOrientationPortrait UIInterfaceOrientationLandscapeLeft UIInterfaceOrientationLandscapeRight";
				IPHONEOS_DEPLOYMENT_TARGET = 15.5;
				LD_RUNPATH_SEARCH_PATHS = (
					"$(inherited)",
					"@executable_path/Frameworks",
				);
				MARKETING_VERSION = 1.0;
				PRODUCT_BUNDLE_IDENTIFIER = xyz.terman.SwiftUImemoApp;
				PRODUCT_NAME = SwiftUImemoApp;
				SDKROOT = iphoneos;
				SWIFT_EMIT_LOC_STRINGS = YES;
				SWIFT_VERSION = 5.0;
				TARGETED_DEVICE_FAMILY = "1,2";
			};
			name = Debug;
		};
		CB38EFB028CE1A7A0041F8EB /* Release */ = {
			isa = XCBuildConfiguration;
			buildSettings = {
				ASSETCATALOG_COMPILER_APPICON_NAME = AppIcon;
				ASSETCATALOG_COMPILER_GLOBAL_ACCENT_COLOR_NAME = AccentColor;
				CODE_SIGN_STYLE = Automatic;
				CURRENT_PROJECT_VERSION = 1;
				DEVELOPMENT_TEAM = DBZW785N87;
				ENABLE_PREVIEWS = YES;
				GENERATE_INFOPLIST_FILE = YES;
				INFOPLIST_KEY_UIApplicationSceneManifest_Generation = YES;
				INFOPLIST_KEY_UIApplicationSupportsIndirectInputEvents = YES;
				INFOPLIST_KEY_UILaunchScreen_Generation = YES;
				INFOPLIST_KEY_UISupportedInterfaceOrientations_iPad = "UIInterfaceOrientationPortrait UIInterfaceOrientationPortraitUpsideDown UIInterfaceOrientationLandscapeLeft UIInterfaceOrientationLandscapeRight";
				INFOPLIST_KEY_UISupportedInterfaceOrientations_iPhone = "UIInterfaceOrientationPortrait UIInterfaceOrientationLandscapeLeft UIInterfaceOrientationLandscapeRight";
				IPHONEOS_DEPLOYMENT_TARGET = 15.5;
				LD_RUNPATH_SEARCH_PATHS = (
					"$(inherited)",
					"@executable_path/Frameworks",
				);
				MARKETING_VERSION = 1.0;
				PRODUCT_BUNDLE_IDENTIFIER = xyz.terman.SwiftUImemoApp;
				PRODUCT_NAME = SwiftUImemoApp;
				SDKROOT = iphoneos;
				SWIFT_EMIT_LOC_STRINGS = YES;
				SWIFT_VERSION = 5.0;
				TARGETED_DEVICE_FAMILY = "1,2";
				VALIDATE_PRODUCT = YES;
			};
			name = Release;
		};
		CB38EFB228CE1A7A0041F8EB /* Debug */ = {
			isa = XCBuildConfiguration;
			buildSettings = {
				ASSETCATALOG_COMPILER_APPICON_NAME = AppIcon;
				ASSETCATALOG_COMPILER_GLOBAL_ACCENT_COLOR_NAME = AccentColor;
				CODE_SIGN_ENTITLEMENTS = macOS/macOS.entitlements;
				CODE_SIGN_STYLE = Automatic;
				COMBINE_HIDPI_IMAGES = YES;
				CURRENT_PROJECT_VERSION = 1;
				DEVELOPMENT_TEAM = DBZW785N87;
				ENABLE_HARDENED_RUNTIME = YES;
				ENABLE_PREVIEWS = YES;
				GENERATE_INFOPLIST_FILE = YES;
				INFOPLIST_KEY_NSHumanReadableCopyright = "";
				LD_RUNPATH_SEARCH_PATHS = (
					"$(inherited)",
					"@executable_path/../Frameworks",
				);
				MACOSX_DEPLOYMENT_TARGET = 12.3;
				MARKETING_VERSION = 1.0;
				PRODUCT_BUNDLE_IDENTIFIER = xyz.terman.SwiftUImemoApp;
				PRODUCT_NAME = SwiftUImemoApp;
				SDKROOT = macosx;
				SWIFT_EMIT_LOC_STRINGS = YES;
				SWIFT_VERSION = 5.0;
			};
			name = Debug;
		};
		CB38EFB328CE1A7A0041F8EB /* Release */ = {
			isa = XCBuildConfiguration;
			buildSettings = {
				ASSETCATALOG_COMPILER_APPICON_NAME = AppIcon;
				ASSETCATALOG_COMPILER_GLOBAL_ACCENT_COLOR_NAME = AccentColor;
				CODE_SIGN_ENTITLEMENTS = macOS/macOS.entitlements;
				CODE_SIGN_STYLE = Automatic;
				COMBINE_HIDPI_IMAGES = YES;
				CURRENT_PROJECT_VERSION = 1;
				DEVELOPMENT_TEAM = DBZW785N87;
				ENABLE_HARDENED_RUNTIME = YES;
				ENABLE_PREVIEWS = YES;
				GENERATE_INFOPLIST_FILE = YES;
				INFOPLIST_KEY_NSHumanReadableCopyright = "";
				LD_RUNPATH_SEARCH_PATHS = (
					"$(inherited)",
					"@executable_path/../Frameworks",
				);
				MACOSX_DEPLOYMENT_TARGET = 12.3;
				MARKETING_VERSION = 1.0;
				PRODUCT_BUNDLE_IDENTIFIER = xyz.terman.SwiftUImemoApp;
				PRODUCT_NAME = SwiftUImemoApp;
				SDKROOT = macosx;
				SWIFT_EMIT_LOC_STRINGS = YES;
				SWIFT_VERSION = 5.0;
			};
			name = Release;
		};
/* End XCBuildConfiguration section */

/* Begin XCConfigurationList section */
		CB38EF8D28CE1A770041F8EB /* Build configuration list for PBXProject "SwiftUImemoApp" */ = {
			isa = XCConfigurationList;
			buildConfigurations = (
				CB38EFAC28CE1A7A0041F8EB /* Debug */,
				CB38EFAD28CE1A7A0041F8EB /* Release */,
			);
			defaultConfigurationIsVisible = 0;
			defaultConfigurationName = Release;
		};
		CB38EFAE28CE1A7A0041F8EB /* Build configuration list for PBXNativeTarget "SwiftUImemoApp (iOS)" */ = {
			isa = XCConfigurationList;
			buildConfigurations = (
				CB38EFAF28CE1A7A0041F8EB /* Debug */,
				CB38EFB028CE1A7A0041F8EB /* Release */,
			);
			defaultConfigurationIsVisible = 0;
			defaultConfigurationName = Release;
		};
		CB38EFB128CE1A7A0041F8EB /* Build configuration list for PBXNativeTarget "SwiftUImemoApp (macOS)" */ = {
			isa = XCConfigurationList;
			buildConfigurations = (
				CB38EFB228CE1A7A0041F8EB /* Debug */,
				CB38EFB328CE1A7A0041F8EB /* Release */,
			);
			defaultConfigurationIsVisible = 0;
			defaultConfigurationName = Release;
		};
/* End XCConfigurationList section */

/* Begin XCVersionGroup section */
		CB38EF8F28CE1A770041F8EB /* SwiftUImemoApp.xcdatamodeld */ = {
			isa = XCVersionGroup;
			children = (
				CB38EF9028CE1A770041F8EB /* Shared.xcdatamodel */,
			);
			currentVersion = CB38EF9028CE1A770041F8EB /* Shared.xcdatamodel */;
			path = SwiftUImemoApp.xcdatamodeld;
			sourceTree = "<group>";
			versionGroupType = wrapper.xcdatamodel;
		};
/* End XCVersionGroup section */
	};
	rootObject = CB38EF8A28CE1A770041F8EB /* Project object */;
}
